
Microsoft Visual Studio Solution File, Format Version 12.00
# Visual Studio 15
VisualStudioVersion = 15.0.26403.7
MinimumVisualStudioVersion = 10.0.40219.1
Project("{2150E333-8FDC-42A3-9474-1A3956D46DE8}") = "src", "src", "{07372122-F996-42B3-9106-1F3C6CA4E479}"
EndProject
Project("{2150E333-8FDC-42A3-9474-1A3956D46DE8}") = "Solution Items", "Solution Items", "{51726EF3-08C9-4CB9-8ED0-5AD5EA03A3B2}"
EndProject
Project("{9A19103F-16F7-4668-BE54-9A1E7A4F7556}") = "MTD.CouchBot", "src\MTD.CouchBot\MTD.CouchBot.csproj", "{8260D448-D3E8-4204-B8FF-861A4C1A7360}"
EndProject
Project("{9A19103F-16F7-4668-BE54-9A1E7A4F7556}") = "MTD.CouchBot.Managers", "src\MTD.CouchBot.Managers\MTD.CouchBot.Managers.csproj", "{8E06E051-E805-47ED-A28F-2AFEA8221F0A}"
EndProject
Project("{9A19103F-16F7-4668-BE54-9A1E7A4F7556}") = "MTD.CouchBot.Domain", "src\MTD.CouchBot.Domain\MTD.CouchBot.Domain.csproj", "{99B4E4E1-07CC-49FF-B1B6-581DE445D0B7}"
EndProject
Project("{9A19103F-16F7-4668-BE54-9A1E7A4F7556}") = "MTD.CouchBot.Dals", "src\MTD.CouchBot.Dals\MTD.CouchBot.Dals.csproj", "{07F24EF4-0D2A-47D0-A7DD-74F60D8B5F75}"
EndProject
Project("{9A19103F-16F7-4668-BE54-9A1E7A4F7556}") = "MTD.CouchBot.Api", "src\MTD.CouchBot.Api\MTD.CouchBot.Api.csproj", "{37915BFF-DF58-4236-9C81-40468A11F726}"
EndProject
Project("{00D1A9C2-B5F0-4AF3-8072-F6C62B433612}") = "MTD.CouchBot.Data", "MTD.CouchBot.Data\MTD.CouchBot.Data.sqlproj", "{24F5946D-C19B-48A2-A2E9-460EE5A71897}"
EndProject
Project("{9A19103F-16F7-4668-BE54-9A1E7A4F7556}") = "MTD.CouchBot.EntityFramework", "src\MTD.CouchBot.EntityFramework\MTD.CouchBot.EntityFramework.csproj", "{A06CD092-AE68-4C9B-8161-EB5B0E745242}"
EndProject
Global
	GlobalSection(SolutionConfigurationPlatforms) = preSolution
		Debug|Any CPU = Debug|Any CPU
		Release|Any CPU = Release|Any CPU
	EndGlobalSection
	GlobalSection(ProjectConfigurationPlatforms) = postSolution
		{8260D448-D3E8-4204-B8FF-861A4C1A7360}.Debug|Any CPU.ActiveCfg = Debug|Any CPU
		{8260D448-D3E8-4204-B8FF-861A4C1A7360}.Debug|Any CPU.Build.0 = Debug|Any CPU
		{8260D448-D3E8-4204-B8FF-861A4C1A7360}.Release|Any CPU.ActiveCfg = Release|Any CPU
		{8260D448-D3E8-4204-B8FF-861A4C1A7360}.Release|Any CPU.Build.0 = Release|Any CPU
		{8E06E051-E805-47ED-A28F-2AFEA8221F0A}.Debug|Any CPU.ActiveCfg = Debug|Any CPU
		{8E06E051-E805-47ED-A28F-2AFEA8221F0A}.Debug|Any CPU.Build.0 = Debug|Any CPU
		{8E06E051-E805-47ED-A28F-2AFEA8221F0A}.Release|Any CPU.ActiveCfg = Release|Any CPU
		{8E06E051-E805-47ED-A28F-2AFEA8221F0A}.Release|Any CPU.Build.0 = Release|Any CPU
		{99B4E4E1-07CC-49FF-B1B6-581DE445D0B7}.Debug|Any CPU.ActiveCfg = Debug|Any CPU
		{99B4E4E1-07CC-49FF-B1B6-581DE445D0B7}.Debug|Any CPU.Build.0 = Debug|Any CPU
		{99B4E4E1-07CC-49FF-B1B6-581DE445D0B7}.Release|Any CPU.ActiveCfg = Release|Any CPU
		{99B4E4E1-07CC-49FF-B1B6-581DE445D0B7}.Release|Any CPU.Build.0 = Release|Any CPU
		{07F24EF4-0D2A-47D0-A7DD-74F60D8B5F75}.Debug|Any CPU.ActiveCfg = Debug|Any CPU
		{07F24EF4-0D2A-47D0-A7DD-74F60D8B5F75}.Debug|Any CPU.Build.0 = Debug|Any CPU
		{07F24EF4-0D2A-47D0-A7DD-74F60D8B5F75}.Release|Any CPU.ActiveCfg = Release|Any CPU
		{07F24EF4-0D2A-47D0-A7DD-74F60D8B5F75}.Release|Any CPU.Build.0 = Release|Any CPU
		{37915BFF-DF58-4236-9C81-40468A11F726}.Debug|Any CPU.ActiveCfg = Debug|Any CPU
		{37915BFF-DF58-4236-9C81-40468A11F726}.Debug|Any CPU.Build.0 = Debug|Any CPU
		{37915BFF-DF58-4236-9C81-40468A11F726}.Release|Any CPU.ActiveCfg = Release|Any CPU
		{37915BFF-DF58-4236-9C81-40468A11F726}.Release|Any CPU.Build.0 = Release|Any CPU
		{24F5946D-C19B-48A2-A2E9-460EE5A71897}.Debug|Any CPU.ActiveCfg = Debug|Any CPU
		{24F5946D-C19B-48A2-A2E9-460EE5A71897}.Debug|Any CPU.Build.0 = Debug|Any CPU
		{24F5946D-C19B-48A2-A2E9-460EE5A71897}.Debug|Any CPU.Deploy.0 = Debug|Any CPU
		{24F5946D-C19B-48A2-A2E9-460EE5A71897}.Release|Any CPU.ActiveCfg = Release|Any CPU
		{24F5946D-C19B-48A2-A2E9-460EE5A71897}.Release|Any CPU.Build.0 = Release|Any CPU
		{24F5946D-C19B-48A2-A2E9-460EE5A71897}.Release|Any CPU.Deploy.0 = Release|Any CPU
		{A06CD092-AE68-4C9B-8161-EB5B0E745242}.Debug|Any CPU.ActiveCfg = Debug|Any CPU
		{A06CD092-AE68-4C9B-8161-EB5B0E745242}.Debug|Any CPU.Build.0 = Debug|Any CPU
		{A06CD092-AE68-4C9B-8161-EB5B0E745242}.Release|Any CPU.ActiveCfg = Release|Any CPU
		{A06CD092-AE68-4C9B-8161-EB5B0E745242}.Release|Any CPU.Build.0 = Release|Any CPU
	EndGlobalSection
	GlobalSection(SolutionProperties) = preSolution
		HideSolutionNode = FALSE
	EndGlobalSection
	GlobalSection(NestedProjects) = preSolution
		{8260D448-D3E8-4204-B8FF-861A4C1A7360} = {07372122-F996-42B3-9106-1F3C6CA4E479}
		{8E06E051-E805-47ED-A28F-2AFEA8221F0A} = {07372122-F996-42B3-9106-1F3C6CA4E479}
		{99B4E4E1-07CC-49FF-B1B6-581DE445D0B7} = {07372122-F996-42B3-9106-1F3C6CA4E479}
		{07F24EF4-0D2A-47D0-A7DD-74F60D8B5F75} = {07372122-F996-42B3-9106-1F3C6CA4E479}
		{37915BFF-DF58-4236-9C81-40468A11F726} = {07372122-F996-42B3-9106-1F3C6CA4E479}
		{24F5946D-C19B-48A2-A2E9-460EE5A71897} = {07372122-F996-42B3-9106-1F3C6CA4E479}
		{A06CD092-AE68-4C9B-8161-EB5B0E745242} = {07372122-F996-42B3-9106-1F3C6CA4E479}
	EndGlobalSection
EndGlobal
